// !$*UTF8*$!
{
	archiveVersion = 1;
	classes = {
	};
	objectVersion = 45;
	objects = {

/* Begin PBXBuildFile section */
		1DDD582C0DA1D0D100B32029 /* ScrapeDocument.xib in Resources */ = {isa = PBXBuildFile; fileRef = 1DDD58280DA1D0D100B32029 /* ScrapeDocument.xib */; };
		1DDD582D0DA1D0D100B32029 /* MainMenu.xib in Resources */ = {isa = PBXBuildFile; fileRef = 1DDD582A0DA1D0D100B32029 /* MainMenu.xib */; };
		271CEFF8114ACF4C0050A2A0 /* Preferences.xib in Resources */ = {isa = PBXBuildFile; fileRef = 271CEFF6114ACF4C0050A2A0 /* Preferences.xib */; };
		271CF036114AE11F0050A2A0 /* ScrapePrefsController.m in Sources */ = {isa = PBXBuildFile; fileRef = 271CF035114AE11F0050A2A0 /* ScrapePrefsController.m */; };
		2749466E113AA77500CF9438 /* OpenGL.framework in Frameworks */ = {isa = PBXBuildFile; fileRef = 2749466D113AA77500CF9438 /* OpenGL.framework */; };
		27494673113AA7D000CF9438 /* ScrapeAppController.m in Sources */ = {isa = PBXBuildFile; fileRef = 27494672113AA7D000CF9438 /* ScrapeAppController.m */; };
		27494677113AA7F300CF9438 /* idle.png in Resources */ = {isa = PBXBuildFile; fileRef = 27494675113AA7F300CF9438 /* idle.png */; };
		27494678113AA7F300CF9438 /* select.png in Resources */ = {isa = PBXBuildFile; fileRef = 27494676113AA7F300CF9438 /* select.png */; };
		27494681113AA8C100CF9438 /* ScrapeAppDelegate.m in Sources */ = {isa = PBXBuildFile; fileRef = 27494680113AA8C100CF9438 /* ScrapeAppDelegate.m */; };
		27759E6D114496F60063C4A9 /* ScrapeGLView.mm in Sources */ = {isa = PBXBuildFile; fileRef = 27759E6C114496F60063C4A9 /* ScrapeGLView.mm */; };
		27911BE1113ADB440062742A /* Scrape-Icon.icns in Resources */ = {isa = PBXBuildFile; fileRef = 27911BE0113ADB440062742A /* Scrape-Icon.icns */; };
		27C68088113AC5AC0004A3D7 /* ScrapeDocumentWindowController.m in Sources */ = {isa = PBXBuildFile; fileRef = 27C68087113AC5AC0004A3D7 /* ScrapeDocumentWindowController.m */; };
		27DBCF9911501F7200D448D5 /* SystemConfiguration.framework in Frameworks */ = {isa = PBXBuildFile; fileRef = 27DBCF9811501F7200D448D5 /* SystemConfiguration.framework */; };
		27DBCF9D11501F8C00D448D5 /* libz.1.2.3.dylib in Frameworks */ = {isa = PBXBuildFile; fileRef = 27DBCF9C11501F8C00D448D5 /* libz.1.2.3.dylib */; };
		27DBCF9F11501F9900D448D5 /* CoreServices.framework in Frameworks */ = {isa = PBXBuildFile; fileRef = 27DBCF9E11501F9900D448D5 /* CoreServices.framework */; };
		27DBCFC61150207400D448D5 /* ASIFormDataRequest.m in Sources */ = {isa = PBXBuildFile; fileRef = 27DBCFBC1150207400D448D5 /* ASIFormDataRequest.m */; };
		27DBCFC71150207400D448D5 /* ASIHTTPRequest.m in Sources */ = {isa = PBXBuildFile; fileRef = 27DBCFBE1150207400D448D5 /* ASIHTTPRequest.m */; };
		27DBCFC81150207400D448D5 /* ASIInputStream.m in Sources */ = {isa = PBXBuildFile; fileRef = 27DBCFC11150207400D448D5 /* ASIInputStream.m */; };
		27DBCFC91150207400D448D5 /* ASINetworkQueue.m in Sources */ = {isa = PBXBuildFile; fileRef = 27DBCFC31150207400D448D5 /* ASINetworkQueue.m */; };
		27DBCFCA1150207400D448D5 /* ASINSStringAdditions.m in Sources */ = {isa = PBXBuildFile; fileRef = 27DBCFC51150207400D448D5 /* ASINSStringAdditions.m */; };
		8D15AC2C0486D014006FF6A4 /* Credits.rtf in Resources */ = {isa = PBXBuildFile; fileRef = 2A37F4B9FDCFA73011CA2CEA /* Credits.rtf */; };
		8D15AC2F0486D014006FF6A4 /* InfoPlist.strings in Resources */ = {isa = PBXBuildFile; fileRef = 089C165FFE840EACC02AAC07 /* InfoPlist.strings */; };
		8D15AC310486D014006FF6A4 /* ScrapeDocument.m in Sources */ = {isa = PBXBuildFile; fileRef = 2A37F4ACFDCFA73011CA2CEA /* ScrapeDocument.m */; settings = {ATTRIBUTES = (); }; };
		8D15AC320486D014006FF6A4 /* main.m in Sources */ = {isa = PBXBuildFile; fileRef = 2A37F4B0FDCFA73011CA2CEA /* main.m */; settings = {ATTRIBUTES = (); }; };
		8D15AC340486D014006FF6A4 /* Cocoa.framework in Frameworks */ = {isa = PBXBuildFile; fileRef = 1058C7A7FEA54F5311CA2CBB /* Cocoa.framework */; };
/* End PBXBuildFile section */

/* Begin PBXFileReference section */
		089C1660FE840EACC02AAC07 /* English */ = {isa = PBXFileReference; fileEncoding = 4; lastKnownFileType = text.plist.strings; name = English; path = English.lproj/InfoPlist.strings; sourceTree = "<group>"; };
		1058C7A7FEA54F5311CA2CBB /* Cocoa.framework */ = {isa = PBXFileReference; lastKnownFileType = wrapper.framework; name = Cocoa.framework; path = /System/Library/Frameworks/Cocoa.framework; sourceTree = "<absolute>"; };
		13E42FBA07B3F13500E4EEF1 /* CoreData.framework */ = {isa = PBXFileReference; lastKnownFileType = wrapper.framework; name = CoreData.framework; path = /System/Library/Frameworks/CoreData.framework; sourceTree = "<absolute>"; };
		1DDD58290DA1D0D100B32029 /* English */ = {isa = PBXFileReference; lastKnownFileType = file.xib; name = English; path = English.lproj/ScrapeDocument.xib; sourceTree = "<group>"; };
		1DDD582B0DA1D0D100B32029 /* English */ = {isa = PBXFileReference; lastKnownFileType = file.xib; name = English; path = English.lproj/MainMenu.xib; sourceTree = "<group>"; };
		2564AD2C0F5327BB00F57823 /* Scrape_Prefix.pch */ = {isa = PBXFileReference; fileEncoding = 4; lastKnownFileType = sourcecode.c.h; path = Scrape_Prefix.pch; sourceTree = "<group>"; };
		271CEFF7114ACF4C0050A2A0 /* English */ = {isa = PBXFileReference; lastKnownFileType = file.xib; name = English; path = English.lproj/Preferences.xib; sourceTree = "<group>"; };
		271CF034114AE11F0050A2A0 /* ScrapePrefsController.h */ = {isa = PBXFileReference; fileEncoding = 4; lastKnownFileType = sourcecode.c.h; path = ScrapePrefsController.h; sourceTree = "<group>"; };
		271CF035114AE11F0050A2A0 /* ScrapePrefsController.m */ = {isa = PBXFileReference; fileEncoding = 4; lastKnownFileType = sourcecode.c.objc; path = ScrapePrefsController.m; sourceTree = "<group>"; };
		27494666113AA70A00CF9438 /* ScrapeGLView.h */ = {isa = PBXFileReference; fileEncoding = 4; lastKnownFileType = sourcecode.c.h; path = ScrapeGLView.h; sourceTree = SOURCE_ROOT; };
		2749466D113AA77500CF9438 /* OpenGL.framework */ = {isa = PBXFileReference; lastKnownFileType = wrapper.framework; name = OpenGL.framework; path = System/Library/Frameworks/OpenGL.framework; sourceTree = SDKROOT; };
		27494671113AA7D000CF9438 /* ScrapeAppController.h */ = {isa = PBXFileReference; fileEncoding = 4; lastKnownFileType = sourcecode.c.h; path = ScrapeAppController.h; sourceTree = SOURCE_ROOT; };
		27494672113AA7D000CF9438 /* ScrapeAppController.m */ = {isa = PBXFileReference; fileEncoding = 4; lastKnownFileType = sourcecode.c.objc; path = ScrapeAppController.m; sourceTree = SOURCE_ROOT; };
		27494675113AA7F300CF9438 /* idle.png */ = {isa = PBXFileReference; lastKnownFileType = image.png; path = idle.png; sourceTree = SOURCE_ROOT; };
		27494676113AA7F300CF9438 /* select.png */ = {isa = PBXFileReference; lastKnownFileType = image.png; path = select.png; sourceTree = SOURCE_ROOT; };
		2749467F113AA8C100CF9438 /* ScrapeAppDelegate.h */ = {isa = PBXFileReference; fileEncoding = 4; lastKnownFileType = sourcecode.c.h; path = ScrapeAppDelegate.h; sourceTree = SOURCE_ROOT; };
		27494680113AA8C100CF9438 /* ScrapeAppDelegate.m */ = {isa = PBXFileReference; fileEncoding = 4; lastKnownFileType = sourcecode.c.objc; path = ScrapeAppDelegate.m; sourceTree = SOURCE_ROOT; };
		27759E6C114496F60063C4A9 /* ScrapeGLView.mm */ = {isa = PBXFileReference; fileEncoding = 4; lastKnownFileType = sourcecode.cpp.objcpp; path = ScrapeGLView.mm; sourceTree = "<group>"; };
		27911BE0113ADB440062742A /* Scrape-Icon.icns */ = {isa = PBXFileReference; lastKnownFileType = image.icns; path = "Scrape-Icon.icns"; sourceTree = "<group>"; };
		27C68086113AC5AC0004A3D7 /* ScrapeDocumentWindowController.h */ = {isa = PBXFileReference; fileEncoding = 4; lastKnownFileType = sourcecode.c.h; path = ScrapeDocumentWindowController.h; sourceTree = "<group>"; };
		27C68087113AC5AC0004A3D7 /* ScrapeDocumentWindowController.m */ = {isa = PBXFileReference; fileEncoding = 4; lastKnownFileType = sourcecode.c.objc; path = ScrapeDocumentWindowController.m; sourceTree = "<group>"; };
		27DBCF9811501F7200D448D5 /* SystemConfiguration.framework */ = {isa = PBXFileReference; lastKnownFileType = wrapper.framework; name = SystemConfiguration.framework; path = System/Library/Frameworks/SystemConfiguration.framework; sourceTree = SDKROOT; };
		27DBCF9C11501F8C00D448D5 /* libz.1.2.3.dylib */ = {isa = PBXFileReference; lastKnownFileType = "compiled.mach-o.dylib"; name = libz.1.2.3.dylib; path = usr/lib/libz.1.2.3.dylib; sourceTree = SDKROOT; };
		27DBCF9E11501F9900D448D5 /* CoreServices.framework */ = {isa = PBXFileReference; lastKnownFileType = wrapper.framework; name = CoreServices.framework; path = System/Library/Frameworks/CoreServices.framework; sourceTree = SDKROOT; };
		27DBCFBB1150207400D448D5 /* ASIFormDataRequest.h */ = {isa = PBXFileReference; fileEncoding = 4; lastKnownFileType = sourcecode.c.h; name = ASIFormDataRequest.h; path = lib/ASIHTTPRequest/Classes/ASIFormDataRequest.h; sourceTree = SOURCE_ROOT; };
		27DBCFBC1150207400D448D5 /* ASIFormDataRequest.m */ = {isa = PBXFileReference; fileEncoding = 4; lastKnownFileType = sourcecode.c.objc; name = ASIFormDataRequest.m; path = lib/ASIHTTPRequest/Classes/ASIFormDataRequest.m; sourceTree = SOURCE_ROOT; };
		27DBCFBD1150207400D448D5 /* ASIHTTPRequest.h */ = {isa = PBXFileReference; fileEncoding = 4; lastKnownFileType = sourcecode.c.h; name = ASIHTTPRequest.h; path = lib/ASIHTTPRequest/Classes/ASIHTTPRequest.h; sourceTree = SOURCE_ROOT; };
		27DBCFBE1150207400D448D5 /* ASIHTTPRequest.m */ = {isa = PBXFileReference; fileEncoding = 4; lastKnownFileType = sourcecode.c.objc; name = ASIHTTPRequest.m; path = lib/ASIHTTPRequest/Classes/ASIHTTPRequest.m; sourceTree = SOURCE_ROOT; };
		27DBCFBF1150207400D448D5 /* ASIHTTPRequestConfig.h */ = {isa = PBXFileReference; fileEncoding = 4; lastKnownFileType = sourcecode.c.h; name = ASIHTTPRequestConfig.h; path = lib/ASIHTTPRequest/Classes/ASIHTTPRequestConfig.h; sourceTree = SOURCE_ROOT; };
		27DBCFC01150207400D448D5 /* ASIInputStream.h */ = {isa = PBXFileReference; fileEncoding = 4; lastKnownFileType = sourcecode.c.h; name = ASIInputStream.h; path = lib/ASIHTTPRequest/Classes/ASIInputStream.h; sourceTree = SOURCE_ROOT; };
		27DBCFC11150207400D448D5 /* ASIInputStream.m */ = {isa = PBXFileReference; fileEncoding = 4; lastKnownFileType = sourcecode.c.objc; name = ASIInputStream.m; path = lib/ASIHTTPRequest/Classes/ASIInputStream.m; sourceTree = SOURCE_ROOT; };
		27DBCFC21150207400D448D5 /* ASINetworkQueue.h */ = {isa = PBXFileReference; fileEncoding = 4; lastKnownFileType = sourcecode.c.h; name = ASINetworkQueue.h; path = lib/ASIHTTPRequest/Classes/ASINetworkQueue.h; sourceTree = SOURCE_ROOT; };
		27DBCFC31150207400D448D5 /* ASINetworkQueue.m */ = {isa = PBXFileReference; fileEncoding = 4; lastKnownFileType = sourcecode.c.objc; name = ASINetworkQueue.m; path = lib/ASIHTTPRequest/Classes/ASINetworkQueue.m; sourceTree = SOURCE_ROOT; };
		27DBCFC41150207400D448D5 /* ASINSStringAdditions.h */ = {isa = PBXFileReference; fileEncoding = 4; lastKnownFileType = sourcecode.c.h; name = ASINSStringAdditions.h; path = lib/ASIHTTPRequest/Classes/ASINSStringAdditions.h; sourceTree = SOURCE_ROOT; };
		27DBCFC51150207400D448D5 /* ASINSStringAdditions.m */ = {isa = PBXFileReference; fileEncoding = 4; lastKnownFileType = sourcecode.c.objc; name = ASINSStringAdditions.m; path = lib/ASIHTTPRequest/Classes/ASINSStringAdditions.m; sourceTree = SOURCE_ROOT; };
		2A37F4ACFDCFA73011CA2CEA /* ScrapeDocument.m */ = {isa = PBXFileReference; fileEncoding = 4; lastKnownFileType = sourcecode.c.objc; path = ScrapeDocument.m; sourceTree = "<group>"; };
		2A37F4AEFDCFA73011CA2CEA /* ScrapeDocument.h */ = {isa = PBXFileReference; fileEncoding = 4; lastKnownFileType = sourcecode.c.h; path = ScrapeDocument.h; sourceTree = "<group>"; };
		2A37F4B0FDCFA73011CA2CEA /* main.m */ = {isa = PBXFileReference; fileEncoding = 4; lastKnownFileType = sourcecode.c.objc; path = main.m; sourceTree = "<group>"; };
		2A37F4BAFDCFA73011CA2CEA /* English */ = {isa = PBXFileReference; lastKnownFileType = text.rtf; name = English; path = English.lproj/Credits.rtf; sourceTree = "<group>"; };
		2A37F4C4FDCFA73011CA2CEA /* AppKit.framework */ = {isa = PBXFileReference; lastKnownFileType = wrapper.framework; name = AppKit.framework; path = /System/Library/Frameworks/AppKit.framework; sourceTree = "<absolute>"; };
		2A37F4C5FDCFA73011CA2CEA /* Foundation.framework */ = {isa = PBXFileReference; lastKnownFileType = wrapper.framework; name = Foundation.framework; path = /System/Library/Frameworks/Foundation.framework; sourceTree = "<absolute>"; };
		8D15AC360486D014006FF6A4 /* Scrape-Info.plist */ = {isa = PBXFileReference; fileEncoding = 4; lastKnownFileType = text.plist.xml; path = "Scrape-Info.plist"; sourceTree = "<group>"; };
		8D15AC370486D014006FF6A4 /* Scrape.app */ = {isa = PBXFileReference; explicitFileType = wrapper.application; includeInIndex = 0; path = Scrape.app; sourceTree = BUILT_PRODUCTS_DIR; };
/* End PBXFileReference section */

/* Begin PBXFrameworksBuildPhase section */
		8D15AC330486D014006FF6A4 /* Frameworks */ = {
			isa = PBXFrameworksBuildPhase;
			buildActionMask = 2147483647;
			files = (
				8D15AC340486D014006FF6A4 /* Cocoa.framework in Frameworks */,
				2749466E113AA77500CF9438 /* OpenGL.framework in Frameworks */,
				27DBCF9911501F7200D448D5 /* SystemConfiguration.framework in Frameworks */,
				27DBCF9D11501F8C00D448D5 /* libz.1.2.3.dylib in Frameworks */,
				27DBCF9F11501F9900D448D5 /* CoreServices.framework in Frameworks */,
			);
			runOnlyForDeploymentPostprocessing = 0;
		};
/* End PBXFrameworksBuildPhase section */

/* Begin PBXGroup section */
		1058C7A6FEA54F5311CA2CBB /* Linked Frameworks */ = {
			isa = PBXGroup;
			children = (
				1058C7A7FEA54F5311CA2CBB /* Cocoa.framework */,
				2749466D113AA77500CF9438 /* OpenGL.framework */,
			);
			name = "Linked Frameworks";
			sourceTree = "<group>";
		};
		1058C7A8FEA54F5311CA2CBB /* Other Frameworks */ = {
			isa = PBXGroup;
			children = (
				2A37F4C4FDCFA73011CA2CEA /* AppKit.framework */,
				13E42FBA07B3F13500E4EEF1 /* CoreData.framework */,
				2A37F4C5FDCFA73011CA2CEA /* Foundation.framework */,
			);
			name = "Other Frameworks";
			sourceTree = "<group>";
		};
		19C28FB0FE9D524F11CA2CBB /* Products */ = {
			isa = PBXGroup;
			children = (
				8D15AC370486D014006FF6A4 /* Scrape.app */,
			);
			name = Products;
			sourceTree = "<group>";
		};
		27494674113AA7F300CF9438 /* Images */ = {
			isa = PBXGroup;
			children = (
				27494675113AA7F300CF9438 /* idle.png */,
				27494676113AA7F300CF9438 /* select.png */,
			);
			name = Images;
			sourceTree = SOURCE_ROOT;
		};
		27DBCFAF1150203100D448D5 /* ASIHTTPRequest */ = {
			isa = PBXGroup;
			children = (
				27DBCFBB1150207400D448D5 /* ASIFormDataRequest.h */,
				27DBCFBC1150207400D448D5 /* ASIFormDataRequest.m */,
				27DBCFBD1150207400D448D5 /* ASIHTTPRequest.h */,
				27DBCFBE1150207400D448D5 /* ASIHTTPRequest.m */,
				27DBCFBF1150207400D448D5 /* ASIHTTPRequestConfig.h */,
				27DBCFC01150207400D448D5 /* ASIInputStream.h */,
				27DBCFC11150207400D448D5 /* ASIInputStream.m */,
				27DBCFC21150207400D448D5 /* ASINetworkQueue.h */,
				27DBCFC31150207400D448D5 /* ASINetworkQueue.m */,
				27DBCFC41150207400D448D5 /* ASINSStringAdditions.h */,
				27DBCFC51150207400D448D5 /* ASINSStringAdditions.m */,
			);
			name = ASIHTTPRequest;
			sourceTree = "<group>";
		};
		2A37F4AAFDCFA73011CA2CEA /* Scrape */ = {
			isa = PBXGroup;
			children = (
				2A37F4ABFDCFA73011CA2CEA /* Classes */,
				2A37F4AFFDCFA73011CA2CEA /* Other Sources */,
				27494674113AA7F300CF9438 /* Images */,
				2A37F4B8FDCFA73011CA2CEA /* Resources */,
				2A37F4C3FDCFA73011CA2CEA /* Frameworks */,
				19C28FB0FE9D524F11CA2CBB /* Products */,
				27DBCF9811501F7200D448D5 /* SystemConfiguration.framework */,
				27DBCF9C11501F8C00D448D5 /* libz.1.2.3.dylib */,
				27DBCF9E11501F9900D448D5 /* CoreServices.framework */,
			);
			name = Scrape;
			sourceTree = "<group>";
		};
		2A37F4ABFDCFA73011CA2CEA /* Classes */ = {
			isa = PBXGroup;
			children = (
				27DBCFAF1150203100D448D5 /* ASIHTTPRequest */,
				27494671113AA7D000CF9438 /* ScrapeAppController.h */,
				27494672113AA7D000CF9438 /* ScrapeAppController.m */,
				2749467F113AA8C100CF9438 /* ScrapeAppDelegate.h */,
				27494680113AA8C100CF9438 /* ScrapeAppDelegate.m */,
				2A37F4AEFDCFA73011CA2CEA /* ScrapeDocument.h */,
				2A37F4ACFDCFA73011CA2CEA /* ScrapeDocument.m */,
				27C68086113AC5AC0004A3D7 /* ScrapeDocumentWindowController.h */,
				27C68087113AC5AC0004A3D7 /* ScrapeDocumentWindowController.m */,
				27494666113AA70A00CF9438 /* ScrapeGLView.h */,
				27759E6C114496F60063C4A9 /* ScrapeGLView.mm */,
				271CF034114AE11F0050A2A0 /* ScrapePrefsController.h */,
				271CF035114AE11F0050A2A0 /* ScrapePrefsController.m */,
			);
			name = Classes;
			sourceTree = "<group>";
		};
		2A37F4AFFDCFA73011CA2CEA /* Other Sources */ = {
			isa = PBXGroup;
			children = (
				2564AD2C0F5327BB00F57823 /* Scrape_Prefix.pch */,
				2A37F4B0FDCFA73011CA2CEA /* main.m */,
			);
			name = "Other Sources";
			sourceTree = "<group>";
		};
		2A37F4B8FDCFA73011CA2CEA /* Resources */ = {
			isa = PBXGroup;
			children = (
				2A37F4B9FDCFA73011CA2CEA /* Credits.rtf */,
				8D15AC360486D014006FF6A4 /* Scrape-Info.plist */,
				089C165FFE840EACC02AAC07 /* InfoPlist.strings */,
				27911BE0113ADB440062742A /* Scrape-Icon.icns */,
				1DDD58280DA1D0D100B32029 /* ScrapeDocument.xib */,
				271CEFF6114ACF4C0050A2A0 /* Preferences.xib */,
				1DDD582A0DA1D0D100B32029 /* MainMenu.xib */,
			);
			name = Resources;
			sourceTree = "<group>";
		};
		2A37F4C3FDCFA73011CA2CEA /* Frameworks */ = {
			isa = PBXGroup;
			children = (
				1058C7A6FEA54F5311CA2CBB /* Linked Frameworks */,
				1058C7A8FEA54F5311CA2CBB /* Other Frameworks */,
			);
			name = Frameworks;
			sourceTree = "<group>";
		};
/* End PBXGroup section */

/* Begin PBXNativeTarget section */
		8D15AC270486D014006FF6A4 /* Scrape */ = {
			isa = PBXNativeTarget;
			buildConfigurationList = C05733C708A9546B00998B17 /* Build configuration list for PBXNativeTarget "Scrape" */;
			buildPhases = (
				8D15AC2B0486D014006FF6A4 /* Resources */,
				8D15AC300486D014006FF6A4 /* Sources */,
				8D15AC330486D014006FF6A4 /* Frameworks */,
			);
			buildRules = (
			);
			dependencies = (
			);
			name = Scrape;
			productInstallPath = "$(HOME)/Applications";
			productName = Scrape;
			productReference = 8D15AC370486D014006FF6A4 /* Scrape.app */;
			productType = "com.apple.product-type.application";
		};
/* End PBXNativeTarget section */

/* Begin PBXProject section */
		2A37F4A9FDCFA73011CA2CEA /* Project object */ = {
			isa = PBXProject;
			buildConfigurationList = C05733CB08A9546B00998B17 /* Build configuration list for PBXProject "Scrape" */;
			compatibilityVersion = "Xcode 3.1";
			hasScannedForEncodings = 1;
			mainGroup = 2A37F4AAFDCFA73011CA2CEA /* Scrape */;
			projectDirPath = "";
			projectRoot = "";
			targets = (
				8D15AC270486D014006FF6A4 /* Scrape */,
			);
		};
/* End PBXProject section */

/* Begin PBXResourcesBuildPhase section */
		8D15AC2B0486D014006FF6A4 /* Resources */ = {
			isa = PBXResourcesBuildPhase;
			buildActionMask = 2147483647;
			files = (
				8D15AC2C0486D014006FF6A4 /* Credits.rtf in Resources */,
				8D15AC2F0486D014006FF6A4 /* InfoPlist.strings in Resources */,
				1DDD582C0DA1D0D100B32029 /* ScrapeDocument.xib in Resources */,
				1DDD582D0DA1D0D100B32029 /* MainMenu.xib in Resources */,
				27494677113AA7F300CF9438 /* idle.png in Resources */,
				27494678113AA7F300CF9438 /* select.png in Resources */,
				27911BE1113ADB440062742A /* Scrape-Icon.icns in Resources */,
				271CEFF8114ACF4C0050A2A0 /* Preferences.xib in Resources */,
			);
			runOnlyForDeploymentPostprocessing = 0;
		};
/* End PBXResourcesBuildPhase section */

/* Begin PBXSourcesBuildPhase section */
		8D15AC300486D014006FF6A4 /* Sources */ = {
			isa = PBXSourcesBuildPhase;
			buildActionMask = 2147483647;
			files = (
				8D15AC310486D014006FF6A4 /* ScrapeDocument.m in Sources */,
				8D15AC320486D014006FF6A4 /* main.m in Sources */,
				27494673113AA7D000CF9438 /* ScrapeAppController.m in Sources */,
				27494681113AA8C100CF9438 /* ScrapeAppDelegate.m in Sources */,
				27C68088113AC5AC0004A3D7 /* ScrapeDocumentWindowController.m in Sources */,
				27759E6D114496F60063C4A9 /* ScrapeGLView.mm in Sources */,
				271CF036114AE11F0050A2A0 /* ScrapePrefsController.m in Sources */,
				27DBCFC61150207400D448D5 /* ASIFormDataRequest.m in Sources */,
				27DBCFC71150207400D448D5 /* ASIHTTPRequest.m in Sources */,
				27DBCFC81150207400D448D5 /* ASIInputStream.m in Sources */,
				27DBCFC91150207400D448D5 /* ASINetworkQueue.m in Sources */,
				27DBCFCA1150207400D448D5 /* ASINSStringAdditions.m in Sources */,
			);
			runOnlyForDeploymentPostprocessing = 0;
		};
/* End PBXSourcesBuildPhase section */

/* Begin PBXVariantGroup section */
		089C165FFE840EACC02AAC07 /* InfoPlist.strings */ = {
			isa = PBXVariantGroup;
			children = (
				089C1660FE840EACC02AAC07 /* English */,
			);
			name = InfoPlist.strings;
			sourceTree = "<group>";
		};
		1DDD58280DA1D0D100B32029 /* ScrapeDocument.xib */ = {
			isa = PBXVariantGroup;
			children = (
				1DDD58290DA1D0D100B32029 /* English */,
			);
			name = ScrapeDocument.xib;
			sourceTree = "<group>";
		};
		1DDD582A0DA1D0D100B32029 /* MainMenu.xib */ = {
			isa = PBXVariantGroup;
			children = (
				1DDD582B0DA1D0D100B32029 /* English */,
			);
			name = MainMenu.xib;
			sourceTree = "<group>";
		};
		271CEFF6114ACF4C0050A2A0 /* Preferences.xib */ = {
			isa = PBXVariantGroup;
			children = (
				271CEFF7114ACF4C0050A2A0 /* English */,
			);
			name = Preferences.xib;
			sourceTree = "<group>";
		};
		2A37F4B9FDCFA73011CA2CEA /* Credits.rtf */ = {
			isa = PBXVariantGroup;
			children = (
				2A37F4BAFDCFA73011CA2CEA /* English */,
			);
			name = Credits.rtf;
			sourceTree = "<group>";
		};
/* End PBXVariantGroup section */

/* Begin XCBuildConfiguration section */
		C05733C808A9546B00998B17 /* Debug */ = {
			isa = XCBuildConfiguration;
			buildSettings = {
				ALWAYS_SEARCH_USER_PATHS = NO;
				COPY_PHASE_STRIP = NO;
				CURRENT_PROJECT_VERSION = 5;
				GCC_DYNAMIC_NO_PIC = NO;
				GCC_ENABLE_FIX_AND_CONTINUE = YES;
				GCC_MODEL_TUNING = G5;
				GCC_OPTIMIZATION_LEVEL = 0;
				GCC_PRECOMPILE_PREFIX_HEADER = YES;
				GCC_PREFIX_HEADER = Scrape_Prefix.pch;
				INFOPLIST_FILE = "Scrape-Info.plist";
				INSTALL_PATH = "$(HOME)/Applications";
				PRODUCT_NAME = Scrape;
				VERSIONING_SYSTEM = "apple-generic";
				VERSION_INFO_PREFIX = "";
			};
			name = Debug;
		};
		C05733C908A9546B00998B17 /* Release */ = {
			isa = XCBuildConfiguration;
			buildSettings = {
				ALWAYS_SEARCH_USER_PATHS = NO;
				CURRENT_PROJECT_VERSION = 5;
				DEBUG_INFORMATION_FORMAT = "dwarf-with-dsym";
				GCC_MODEL_TUNING = G5;
				GCC_PRECOMPILE_PREFIX_HEADER = YES;
				GCC_PREFIX_HEADER = Scrape_Prefix.pch;
				INFOPLIST_FILE = "Scrape-Info.plist";
				INSTALL_PATH = "$(HOME)/Applications";
				PRODUCT_NAME = Scrape;
				VERSIONING_SYSTEM = "apple-generic";
				VERSION_INFO_PREFIX = "";
			};
			name = Release;
		};
		C05733CC08A9546B00998B17 /* Debug */ = {
			isa = XCBuildConfiguration;
			buildSettings = {
				ARCHS = "$(ARCHS_STANDARD_32_64_BIT)";
				GCC_C_LANGUAGE_STANDARD = gnu99;
				GCC_OPTIMIZATION_LEVEL = 0;
				GCC_WARN_ABOUT_RETURN_TYPE = YES;
				GCC_WARN_UNUSED_VARIABLE = YES;
				ONLY_ACTIVE_ARCH = YES;
				PREBINDING = NO;
				SDKROOT = macosx10.5;
			};
			name = Debug;
		};
		C05733CD08A9546B00998B17 /* Release */ = {
			isa = XCBuildConfiguration;
			buildSettings = {
				ARCHS = "$(ARCHS_STANDARD_32_64_BIT)";
				GCC_C_LANGUAGE_STANDARD = gnu99;
				GCC_WARN_ABOUT_RETURN_TYPE = YES;
				GCC_WARN_UNUSED_VARIABLE = YES;
				PREBINDING = NO;
				SDKROOT = macosx10.5;
			};
			name = Release;
		};
/* End XCBuildConfiguration section */

/* Begin XCConfigurationList section */
		C05733C708A9546B00998B17 /* Build configuration list for PBXNativeTarget "Scrape" */ = {
			isa = XCConfigurationList;
			buildConfigurations = (
				C05733C808A9546B00998B17 /* Debug */,
				C05733C908A9546B00998B17 /* Release */,
			);
			defaultConfigurationIsVisible = 0;
			defaultConfigurationName = Release;
		};
		C05733CB08A9546B00998B17 /* Build configuration list for PBXProject "Scrape" */ = {
			isa = XCConfigurationList;
			buildConfigurations = (
				C05733CC08A9546B00998B17 /* Debug */,
				C05733CD08A9546B00998B17 /* Release */,
			);
			defaultConfigurationIsVisible = 0;
			defaultConfigurationName = Release;
		};
/* End XCConfigurationList section */
	};
	rootObject = 2A37F4A9FDCFA73011CA2CEA /* Project object */;
}
